
Microsoft Visual Studio Solution File, Format Version 12.00
# Visual Studio Version 16
VisualStudioVersion = 16.0.29418.71
MinimumVisualStudioVersion = 10.0.40219.1
Project("{9A19103F-16F7-4668-BE54-9A1E7A4F7556}") = "Tetris", "Tetris\Tetris.csproj", "{A7BF4E5E-6C5D-4913-90FB-E602B293CDC6}"
EndProject
Project("{9A19103F-16F7-4668-BE54-9A1E7A4F7556}") = "Collections", "Collections\Collections.csproj", "{2811FA4F-4929-4871-B031-A59D44BE1268}"
EndProject
Project("{9A19103F-16F7-4668-BE54-9A1E7A4F7556}") = "Enums", "Enums\Enums.csproj", "{7A89B766-E140-47AA-8D02-777A1F110483}"
EndProject
Project("{9A19103F-16F7-4668-BE54-9A1E7A4F7556}") = "OOP", "OOP\OOP.csproj", "{91A98338-E79D-4BA9-8A69-D267F0A21F15}"
EndProject
Project("{FAE04EC0-301F-11D3-BF4B-00C04F79EFBC}") = "Randomizer", "Randomizer\Randomizer.csproj", "{35551DAF-B101-4465-9086-71F658BCF881}"
EndProject
Global
	GlobalSection(SolutionConfigurationPlatforms) = preSolution
		Debug|Any CPU = Debug|Any CPU
		Release|Any CPU = Release|Any CPU
	EndGlobalSection
	GlobalSection(ProjectConfigurationPlatforms) = postSolution
		{A7BF4E5E-6C5D-4913-90FB-E602B293CDC6}.Debug|Any CPU.ActiveCfg = Debug|Any CPU
		{A7BF4E5E-6C5D-4913-90FB-E602B293CDC6}.Debug|Any CPU.Build.0 = Debug|Any CPU
		{A7BF4E5E-6C5D-4913-90FB-E602B293CDC6}.Release|Any CPU.ActiveCfg = Release|Any CPU
		{A7BF4E5E-6C5D-4913-90FB-E602B293CDC6}.Release|Any CPU.Build.0 = Release|Any CPU
		{2811FA4F-4929-4871-B031-A59D44BE1268}.Debug|Any CPU.ActiveCfg = Debug|Any CPU
		{2811FA4F-4929-4871-B031-A59D44BE1268}.Debug|Any CPU.Build.0 = Debug|Any CPU
		{2811FA4F-4929-4871-B031-A59D44BE1268}.Release|Any CPU.ActiveCfg = Release|Any CPU
		{2811FA4F-4929-4871-B031-A59D44BE1268}.Release|Any CPU.Build.0 = Release|Any CPU
		{7A89B766-E140-47AA-8D02-777A1F110483}.Debug|Any CPU.ActiveCfg = Debug|Any CPU
		{7A89B766-E140-47AA-8D02-777A1F110483}.Debug|Any CPU.Build.0 = Debug|Any CPU
		{7A89B766-E140-47AA-8D02-777A1F110483}.Release|Any CPU.ActiveCfg = Release|Any CPU
		{7A89B766-E140-47AA-8D02-777A1F110483}.Release|Any CPU.Build.0 = Release|Any CPU
		{91A98338-E79D-4BA9-8A69-D267F0A21F15}.Debug|Any CPU.ActiveCfg = Debug|Any CPU
		{91A98338-E79D-4BA9-8A69-D267F0A21F15}.Debug|Any CPU.Build.0 = Debug|Any CPU
		{91A98338-E79D-4BA9-8A69-D267F0A21F15}.Release|Any CPU.ActiveCfg = Release|Any CPU
		{91A98338-E79D-4BA9-8A69-D267F0A21F15}.Release|Any CPU.Build.0 = Release|Any CPU
		{35551DAF-B101-4465-9086-71F658BCF881}.Debug|Any CPU.ActiveCfg = Debug|Any CPU
		{35551DAF-B101-4465-9086-71F658BCF881}.Debug|Any CPU.Build.0 = Debug|Any CPU
		{35551DAF-B101-4465-9086-71F658BCF881}.Release|Any CPU.ActiveCfg = Release|Any CPU
		{35551DAF-B101-4465-9086-71F658BCF881}.Release|Any CPU.Build.0 = Release|Any CPU
	EndGlobalSection
	GlobalSection(SolutionProperties) = preSolution
		HideSolutionNode = FALSE
	EndGlobalSection
	GlobalSection(ExtensibilityGlobals) = postSolution
		SolutionGuid = {FF64CFCF-A7F3-4BFF-A163-797672A53C14}
	EndGlobalSection
EndGlobal
